// !$*UTF8*$!
{
	archiveVersion = 1;
	classes = {
	};
	objectVersion = 46;
	objects = {

/* Begin PBXBuildFile section */
		A15E6A021B6F105F00A0BD15 /* UNQKit.h in Headers */ = {isa = PBXBuildFile; fileRef = A15E6A011B6F105F00A0BD15 /* UNQKit.h */; settings = {ATTRIBUTES = (Public, ); }; };
		A15E6A081B6F105F00A0BD15 /* UNQKit.framework in Frameworks */ = {isa = PBXBuildFile; fileRef = A15E69FC1B6F105F00A0BD15 /* UNQKit.framework */; };
		A15E6A0F1B6F105F00A0BD15 /* UNQKitTests.m in Sources */ = {isa = PBXBuildFile; fileRef = A15E6A0E1B6F105F00A0BD15 /* UNQKitTests.m */; };
		A15E6A1B1B6F109C00A0BD15 /* unqlite.c in Sources */ = {isa = PBXBuildFile; fileRef = A15E6A191B6F109C00A0BD15 /* unqlite.c */; };
		A15E6A1C1B6F109C00A0BD15 /* unqlite.h in Headers */ = {isa = PBXBuildFile; fileRef = A15E6A1A1B6F109C00A0BD15 /* unqlite.h */; settings = {ATTRIBUTES = (Private, ); }; };
		A15E6A1F1B6F161A00A0BD15 /* UnQLiteTool.h in Headers */ = {isa = PBXBuildFile; fileRef = A15E6A1D1B6F161A00A0BD15 /* UnQLiteTool.h */; settings = {ATTRIBUTES = (Public, ); }; };
		A15E6A241B6F23A000A0BD15 /* UNQDataBase.h in Headers */ = {isa = PBXBuildFile; fileRef = A15E6A221B6F23A000A0BD15 /* UNQDataBase.h */; };
		A15E6A251B6F23A000A0BD15 /* UNQDataBase.m in Sources */ = {isa = PBXBuildFile; fileRef = A15E6A231B6F23A000A0BD15 /* UNQDataBase.m */; };
		A15E6A281B6F751900A0BD15 /* UNQBaseObject.h in Headers */ = {isa = PBXBuildFile; fileRef = A15E6A261B6F751900A0BD15 /* UNQBaseObject.h */; };
		A15E6A291B6F751900A0BD15 /* UNQBaseObject.m in Sources */ = {isa = PBXBuildFile; fileRef = A15E6A271B6F751900A0BD15 /* UNQBaseObject.m */; };
		A15E6A2C1B6F7B5800A0BD15 /* UNQVirtualMachine.h in Headers */ = {isa = PBXBuildFile; fileRef = A15E6A2A1B6F7B5800A0BD15 /* UNQVirtualMachine.h */; };
		A15E6A2D1B6F7B5800A0BD15 /* UNQVirtualMachine.m in Sources */ = {isa = PBXBuildFile; fileRef = A15E6A2B1B6F7B5800A0BD15 /* UNQVirtualMachine.m */; };
		A19C635C1B70475D00B55AAC /* UNQKeyValueCursor.h in Headers */ = {isa = PBXBuildFile; fileRef = A19C635A1B70475D00B55AAC /* UNQKeyValueCursor.h */; };
		A19C635D1B70475D00B55AAC /* UNQKeyValueCursor.m in Sources */ = {isa = PBXBuildFile; fileRef = A19C635B1B70475D00B55AAC /* UNQKeyValueCursor.m */; };
		A19C63611B705CBF00B55AAC /* UNQContext.m in Sources */ = {isa = PBXBuildFile; fileRef = A19C635F1B705CBF00B55AAC /* UNQContext.m */; };
		A19C63681B70622200B55AAC /* UNQCollection.h in Headers */ = {isa = PBXBuildFile; fileRef = A19C63661B70622200B55AAC /* UNQCollection.h */; };
		A19C63691B70622200B55AAC /* UNQCollection.m in Sources */ = {isa = PBXBuildFile; fileRef = A19C63671B70622200B55AAC /* UNQCollection.m */; };
		A19C636C1B707DED00B55AAC /* UNQDocument.h in Headers */ = {isa = PBXBuildFile; fileRef = A19C636A1B707DED00B55AAC /* UNQDocument.h */; };
		A19C636D1B707DED00B55AAC /* UNQDocument.m in Sources */ = {isa = PBXBuildFile; fileRef = A19C636B1B707DED00B55AAC /* UNQDocument.m */; };
		A19C636F1B70F77400B55AAC /* UNQContext.h in Headers */ = {isa = PBXBuildFile; fileRef = A19C636E1B70F77400B55AAC /* UNQContext.h */; };
/* End PBXBuildFile section */

/* Begin PBXContainerItemProxy section */
		A15E6A091B6F105F00A0BD15 /* PBXContainerItemProxy */ = {
			isa = PBXContainerItemProxy;
			containerPortal = A15E69F31B6F105F00A0BD15 /* Project object */;
			proxyType = 1;
			remoteGlobalIDString = A15E69FB1B6F105F00A0BD15;
			remoteInfo = UNQKit;
		};
/* End PBXContainerItemProxy section */

/* Begin PBXFileReference section */
		A15E69FC1B6F105F00A0BD15 /* UNQKit.framework */ = {isa = PBXFileReference; explicitFileType = wrapper.framework; includeInIndex = 0; path = UNQKit.framework; sourceTree = BUILT_PRODUCTS_DIR; };
		A15E6A001B6F105F00A0BD15 /* Info.plist */ = {isa = PBXFileReference; lastKnownFileType = text.plist.xml; path = Info.plist; sourceTree = "<group>"; };
		A15E6A011B6F105F00A0BD15 /* UNQKit.h */ = {isa = PBXFileReference; lastKnownFileType = sourcecode.c.h; path = UNQKit.h; sourceTree = "<group>"; };
		A15E6A071B6F105F00A0BD15 /* UNQKitTests.xctest */ = {isa = PBXFileReference; explicitFileType = wrapper.cfbundle; includeInIndex = 0; path = UNQKitTests.xctest; sourceTree = BUILT_PRODUCTS_DIR; };
		A15E6A0D1B6F105F00A0BD15 /* Info.plist */ = {isa = PBXFileReference; lastKnownFileType = text.plist.xml; path = Info.plist; sourceTree = "<group>"; };
		A15E6A0E1B6F105F00A0BD15 /* UNQKitTests.m */ = {isa = PBXFileReference; lastKnownFileType = sourcecode.c.objc; path = UNQKitTests.m; sourceTree = "<group>"; };
		A15E6A191B6F109C00A0BD15 /* unqlite.c */ = {isa = PBXFileReference; fileEncoding = 4; lastKnownFileType = sourcecode.c.c; path = unqlite.c; sourceTree = "<group>"; };
		A15E6A1A1B6F109C00A0BD15 /* unqlite.h */ = {isa = PBXFileReference; fileEncoding = 4; lastKnownFileType = sourcecode.c.h; path = unqlite.h; sourceTree = "<group>"; };
		A15E6A1D1B6F161A00A0BD15 /* UnQLiteTool.h */ = {isa = PBXFileReference; fileEncoding = 4; lastKnownFileType = sourcecode.c.h; path = UnQLiteTool.h; sourceTree = "<group>"; };
		A15E6A221B6F23A000A0BD15 /* UNQDataBase.h */ = {isa = PBXFileReference; fileEncoding = 4; lastKnownFileType = sourcecode.c.h; path = UNQDataBase.h; sourceTree = "<group>"; };
		A15E6A231B6F23A000A0BD15 /* UNQDataBase.m */ = {isa = PBXFileReference; fileEncoding = 4; lastKnownFileType = sourcecode.c.objc; path = UNQDataBase.m; sourceTree = "<group>"; };
		A15E6A261B6F751900A0BD15 /* UNQBaseObject.h */ = {isa = PBXFileReference; fileEncoding = 4; lastKnownFileType = sourcecode.c.h; path = UNQBaseObject.h; sourceTree = "<group>"; };
		A15E6A271B6F751900A0BD15 /* UNQBaseObject.m */ = {isa = PBXFileReference; fileEncoding = 4; lastKnownFileType = sourcecode.c.objc; path = UNQBaseObject.m; sourceTree = "<group>"; };
		A15E6A2A1B6F7B5800A0BD15 /* UNQVirtualMachine.h */ = {isa = PBXFileReference; fileEncoding = 4; lastKnownFileType = sourcecode.c.h; path = UNQVirtualMachine.h; sourceTree = "<group>"; };
		A15E6A2B1B6F7B5800A0BD15 /* UNQVirtualMachine.m */ = {isa = PBXFileReference; fileEncoding = 4; lastKnownFileType = sourcecode.c.objc; path = UNQVirtualMachine.m; sourceTree = "<group>"; };
		A19C635A1B70475D00B55AAC /* UNQKeyValueCursor.h */ = {isa = PBXFileReference; fileEncoding = 4; lastKnownFileType = sourcecode.c.h; path = UNQKeyValueCursor.h; sourceTree = "<group>"; };
		A19C635B1B70475D00B55AAC /* UNQKeyValueCursor.m */ = {isa = PBXFileReference; fileEncoding = 4; lastKnownFileType = sourcecode.c.objc; path = UNQKeyValueCursor.m; sourceTree = "<group>"; };
		A19C635F1B705CBF00B55AAC /* UNQContext.m */ = {isa = PBXFileReference; fileEncoding = 4; lastKnownFileType = sourcecode.c.objc; path = UNQContext.m; sourceTree = "<group>"; };
		A19C63661B70622200B55AAC /* UNQCollection.h */ = {isa = PBXFileReference; fileEncoding = 4; lastKnownFileType = sourcecode.c.h; path = UNQCollection.h; sourceTree = "<group>"; };
		A19C63671B70622200B55AAC /* UNQCollection.m */ = {isa = PBXFileReference; fileEncoding = 4; lastKnownFileType = sourcecode.c.objc; path = UNQCollection.m; sourceTree = "<group>"; };
		A19C636A1B707DED00B55AAC /* UNQDocument.h */ = {isa = PBXFileReference; fileEncoding = 4; lastKnownFileType = sourcecode.c.h; path = UNQDocument.h; sourceTree = "<group>"; };
		A19C636B1B707DED00B55AAC /* UNQDocument.m */ = {isa = PBXFileReference; fileEncoding = 4; lastKnownFileType = sourcecode.c.objc; path = UNQDocument.m; sourceTree = "<group>"; };
		A19C636E1B70F77400B55AAC /* UNQContext.h */ = {isa = PBXFileReference; fileEncoding = 4; lastKnownFileType = sourcecode.c.h; path = UNQContext.h; sourceTree = "<group>"; };
/* End PBXFileReference section */

/* Begin PBXFrameworksBuildPhase section */
		A15E69F81B6F105F00A0BD15 /* Frameworks */ = {
			isa = PBXFrameworksBuildPhase;
			buildActionMask = 2147483647;
			files = (
			);
			runOnlyForDeploymentPostprocessing = 0;
		};
		A15E6A041B6F105F00A0BD15 /* Frameworks */ = {
			isa = PBXFrameworksBuildPhase;
			buildActionMask = 2147483647;
			files = (
				A15E6A081B6F105F00A0BD15 /* UNQKit.framework in Frameworks */,
			);
			runOnlyForDeploymentPostprocessing = 0;
		};
/* End PBXFrameworksBuildPhase section */

/* Begin PBXGroup section */
		A15E69F21B6F105F00A0BD15 = {
			isa = PBXGroup;
			children = (
				A15E69FE1B6F105F00A0BD15 /* UNQKit */,
				A15E6A0B1B6F105F00A0BD15 /* UNQKitTests */,
				A15E69FD1B6F105F00A0BD15 /* Products */,
			);
			sourceTree = "<group>";
		};
		A15E69FD1B6F105F00A0BD15 /* Products */ = {
			isa = PBXGroup;
			children = (
				A15E69FC1B6F105F00A0BD15 /* UNQKit.framework */,
				A15E6A071B6F105F00A0BD15 /* UNQKitTests.xctest */,
			);
			name = Products;
			sourceTree = "<group>";
		};
		A15E69FE1B6F105F00A0BD15 /* UNQKit */ = {
			isa = PBXGroup;
			children = (
				A15E6A011B6F105F00A0BD15 /* UNQKit.h */,
				A15E6A1D1B6F161A00A0BD15 /* UnQLiteTool.h */,
				A15E6A181B6F109C00A0BD15 /* lib */,
				A15E6A211B6F237900A0BD15 /* src */,
				A15E69FF1B6F105F00A0BD15 /* Supporting Files */,
			);
			path = UNQKit;
			sourceTree = "<group>";
		};
		A15E69FF1B6F105F00A0BD15 /* Supporting Files */ = {
			isa = PBXGroup;
			children = (
				A15E6A001B6F105F00A0BD15 /* Info.plist */,
			);
			name = "Supporting Files";
			sourceTree = "<group>";
		};
		A15E6A0B1B6F105F00A0BD15 /* UNQKitTests */ = {
			isa = PBXGroup;
			children = (
				A15E6A0E1B6F105F00A0BD15 /* UNQKitTests.m */,
				A15E6A0C1B6F105F00A0BD15 /* Supporting Files */,
			);
			path = UNQKitTests;
			sourceTree = "<group>";
		};
		A15E6A0C1B6F105F00A0BD15 /* Supporting Files */ = {
			isa = PBXGroup;
			children = (
				A15E6A0D1B6F105F00A0BD15 /* Info.plist */,
			);
			name = "Supporting Files";
			sourceTree = "<group>";
		};
		A15E6A181B6F109C00A0BD15 /* lib */ = {
			isa = PBXGroup;
			children = (
				A15E6A191B6F109C00A0BD15 /* unqlite.c */,
				A15E6A1A1B6F109C00A0BD15 /* unqlite.h */,
			);
			path = lib;
			sourceTree = "<group>";
		};
		A15E6A211B6F237900A0BD15 /* src */ = {
			isa = PBXGroup;
			children = (
				A15E6A221B6F23A000A0BD15 /* UNQDataBase.h */,
				A15E6A231B6F23A000A0BD15 /* UNQDataBase.m */,
				A19C635A1B70475D00B55AAC /* UNQKeyValueCursor.h */,
				A19C635B1B70475D00B55AAC /* UNQKeyValueCursor.m */,
				A15E6A261B6F751900A0BD15 /* UNQBaseObject.h */,
				A15E6A271B6F751900A0BD15 /* UNQBaseObject.m */,
				A15E6A2A1B6F7B5800A0BD15 /* UNQVirtualMachine.h */,
				A15E6A2B1B6F7B5800A0BD15 /* UNQVirtualMachine.m */,
				A19C636E1B70F77400B55AAC /* UNQContext.h */,
				A19C635F1B705CBF00B55AAC /* UNQContext.m */,
				A19C636A1B707DED00B55AAC /* UNQDocument.h */,
				A19C636B1B707DED00B55AAC /* UNQDocument.m */,
				A19C63661B70622200B55AAC /* UNQCollection.h */,
				A19C63671B70622200B55AAC /* UNQCollection.m */,
			);
			path = src;
			sourceTree = "<group>";
		};
/* End PBXGroup section */

/* Begin PBXHeadersBuildPhase section */
		A15E69F91B6F105F00A0BD15 /* Headers */ = {
			isa = PBXHeadersBuildPhase;
			buildActionMask = 2147483647;
			files = (
				A15E6A241B6F23A000A0BD15 /* UNQDataBase.h in Headers */,
				A15E6A021B6F105F00A0BD15 /* UNQKit.h in Headers */,
				A19C636C1B707DED00B55AAC /* UNQDocument.h in Headers */,
				A15E6A1F1B6F161A00A0BD15 /* UnQLiteTool.h in Headers */,
				A15E6A2C1B6F7B5800A0BD15 /* UNQVirtualMachine.h in Headers */,
				A15E6A281B6F751900A0BD15 /* UNQBaseObject.h in Headers */,
				A15E6A1C1B6F109C00A0BD15 /* unqlite.h in Headers */,
				A19C635C1B70475D00B55AAC /* UNQKeyValueCursor.h in Headers */,
				A19C63681B70622200B55AAC /* UNQCollection.h in Headers */,
				A19C636F1B70F77400B55AAC /* UNQContext.h in Headers */,
			);
			runOnlyForDeploymentPostprocessing = 0;
		};
/* End PBXHeadersBuildPhase section */

/* Begin PBXNativeTarget section */
		A15E69FB1B6F105F00A0BD15 /* UNQKit */ = {
			isa = PBXNativeTarget;
			buildConfigurationList = A15E6A121B6F105F00A0BD15 /* Build configuration list for PBXNativeTarget "UNQKit" */;
			buildPhases = (
				A15E69F71B6F105F00A0BD15 /* Sources */,
				A15E69F81B6F105F00A0BD15 /* Frameworks */,
				A15E69F91B6F105F00A0BD15 /* Headers */,
				A15E69FA1B6F105F00A0BD15 /* Resources */,
			);
			buildRules = (
			);
			dependencies = (
			);
			name = UNQKit;
			productName = UNQKit;
			productReference = A15E69FC1B6F105F00A0BD15 /* UNQKit.framework */;
			productType = "com.apple.product-type.framework";
		};
		A15E6A061B6F105F00A0BD15 /* UNQKitTests */ = {
			isa = PBXNativeTarget;
			buildConfigurationList = A15E6A151B6F105F00A0BD15 /* Build configuration list for PBXNativeTarget "UNQKitTests" */;
			buildPhases = (
				A15E6A031B6F105F00A0BD15 /* Sources */,
				A15E6A041B6F105F00A0BD15 /* Frameworks */,
				A15E6A051B6F105F00A0BD15 /* Resources */,
			);
			buildRules = (
			);
			dependencies = (
				A15E6A0A1B6F105F00A0BD15 /* PBXTargetDependency */,
			);
			name = UNQKitTests;
			productName = UNQKitTests;
			productReference = A15E6A071B6F105F00A0BD15 /* UNQKitTests.xctest */;
			productType = "com.apple.product-type.bundle.unit-test";
		};
/* End PBXNativeTarget section */

/* Begin PBXProject section */
		A15E69F31B6F105F00A0BD15 /* Project object */ = {
			isa = PBXProject;
			attributes = {
				LastUpgradeCheck = 0700;
				ORGANIZATIONNAME = Littocats;
				TargetAttributes = {
					A15E69FB1B6F105F00A0BD15 = {
						CreatedOnToolsVersion = 6.4;
					};
					A15E6A061B6F105F00A0BD15 = {
						CreatedOnToolsVersion = 6.4;
					};
				};
			};
			buildConfigurationList = A15E69F61B6F105F00A0BD15 /* Build configuration list for PBXProject "UNQKit" */;
			compatibilityVersion = "Xcode 3.2";
			developmentRegion = English;
			hasScannedForEncodings = 0;
			knownRegions = (
				en,
			);
			mainGroup = A15E69F21B6F105F00A0BD15;
			productRefGroup = A15E69FD1B6F105F00A0BD15 /* Products */;
			projectDirPath = "";
			projectRoot = "";
			targets = (
				A15E69FB1B6F105F00A0BD15 /* UNQKit */,
				A15E6A061B6F105F00A0BD15 /* UNQKitTests */,
			);
		};
/* End PBXProject section */

/* Begin PBXResourcesBuildPhase section */
		A15E69FA1B6F105F00A0BD15 /* Resources */ = {
			isa = PBXResourcesBuildPhase;
			buildActionMask = 2147483647;
			files = (
			);
			runOnlyForDeploymentPostprocessing = 0;
		};
		A15E6A051B6F105F00A0BD15 /* Resources */ = {
			isa = PBXResourcesBuildPhase;
			buildActionMask = 2147483647;
			files = (
			);
			runOnlyForDeploymentPostprocessing = 0;
		};
/* End PBXResourcesBuildPhase section */

/* Begin PBXSourcesBuildPhase section */
		A15E69F71B6F105F00A0BD15 /* Sources */ = {
			isa = PBXSourcesBuildPhase;
			buildActionMask = 2147483647;
			files = (
				A19C63611B705CBF00B55AAC /* UNQContext.m in Sources */,
				A15E6A291B6F751900A0BD15 /* UNQBaseObject.m in Sources */,
				A19C63691B70622200B55AAC /* UNQCollection.m in Sources */,
				A15E6A1B1B6F109C00A0BD15 /* unqlite.c in Sources */,
				A15E6A2D1B6F7B5800A0BD15 /* UNQVirtualMachine.m in Sources */,
				A19C635D1B70475D00B55AAC /* UNQKeyValueCursor.m in Sources */,
				A15E6A251B6F23A000A0BD15 /* UNQDataBase.m in Sources */,
				A19C636D1B707DED00B55AAC /* UNQDocument.m in Sources */,
			);
			runOnlyForDeploymentPostprocessing = 0;
		};
		A15E6A031B6F105F00A0BD15 /* Sources */ = {
			isa = PBXSourcesBuildPhase;
			buildActionMask = 2147483647;
			files = (
				A15E6A0F1B6F105F00A0BD15 /* UNQKitTests.m in Sources */,
			);
			runOnlyForDeploymentPostprocessing = 0;
		};
/* End PBXSourcesBuildPhase section */

/* Begin PBXTargetDependency section */
		A15E6A0A1B6F105F00A0BD15 /* PBXTargetDependency */ = {
			isa = PBXTargetDependency;
			target = A15E69FB1B6F105F00A0BD15 /* UNQKit */;
			targetProxy = A15E6A091B6F105F00A0BD15 /* PBXContainerItemProxy */;
		};
/* End PBXTargetDependency section */

/* Begin XCBuildConfiguration section */
		A15E6A101B6F105F00A0BD15 /* Debug */ = {
			isa = XCBuildConfiguration;
			buildSettings = {
				ALWAYS_SEARCH_USER_PATHS = NO;
				CLANG_CXX_LANGUAGE_STANDARD = "gnu++0x";
				CLANG_CXX_LIBRARY = "libc++";
				CLANG_ENABLE_MODULES = YES;
				CLANG_ENABLE_OBJC_ARC = YES;
				CLANG_WARN_BOOL_CONVERSION = YES;
				CLANG_WARN_CONSTANT_CONVERSION = YES;
				CLANG_WARN_DIRECT_OBJC_ISA_USAGE = YES_ERROR;
				CLANG_WARN_EMPTY_BODY = YES;
				CLANG_WARN_ENUM_CONVERSION = YES;
				CLANG_WARN_INT_CONVERSION = YES;
				CLANG_WARN_OBJC_ROOT_CLASS = YES_ERROR;
				CLANG_WARN_UNREACHABLE_CODE = YES;
				CLANG_WARN__DUPLICATE_METHOD_MATCH = YES;
				"CODE_SIGN_IDENTITY[sdk=iphoneos*]" = "iPhone Developer";
				COPY_PHASE_STRIP = NO;
				CURRENT_PROJECT_VERSION = 1;
				DEBUG_INFORMATION_FORMAT = "dwarf-with-dsym";
				ENABLE_STRICT_OBJC_MSGSEND = YES;
				ENABLE_TESTABILITY = YES;
				GCC_C_LANGUAGE_STANDARD = gnu99;
				GCC_DYNAMIC_NO_PIC = NO;
				GCC_NO_COMMON_BLOCKS = YES;
				GCC_OPTIMIZATION_LEVEL = 0;
				GCC_PREPROCESSOR_DEFINITIONS = (
					"DEBUG=1",
					"$(inherited)",
				);
				GCC_SYMBOLS_PRIVATE_EXTERN = NO;
				GCC_WARN_64_TO_32_BIT_CONVERSION = YES;
				GCC_WARN_ABOUT_RETURN_TYPE = YES_ERROR;
				GCC_WARN_UNDECLARED_SELECTOR = YES;
				GCC_WARN_UNINITIALIZED_AUTOS = YES_AGGRESSIVE;
				GCC_WARN_UNUSED_FUNCTION = YES;
				GCC_WARN_UNUSED_VARIABLE = YES;
				IPHONEOS_DEPLOYMENT_TARGET = 7.0;
				MTL_ENABLE_DEBUG_INFO = YES;
				ONLY_ACTIVE_ARCH = YES;
				SDKROOT = iphoneos;
				TARGETED_DEVICE_FAMILY = "1,2";
				VERSIONING_SYSTEM = "apple-generic";
				VERSION_INFO_PREFIX = "";
			};
			name = Debug;
		};
		A15E6A111B6F105F00A0BD15 /* Release */ = {
			isa = XCBuildConfiguration;
			buildSettings = {
				ALWAYS_SEARCH_USER_PATHS = NO;
				CLANG_CXX_LANGUAGE_STANDARD = "gnu++0x";
				CLANG_CXX_LIBRARY = "libc++";
				CLANG_ENABLE_MODULES = YES;
				CLANG_ENABLE_OBJC_ARC = YES;
				CLANG_WARN_BOOL_CONVERSION = YES;
				CLANG_WARN_CONSTANT_CONVERSION = YES;
				CLANG_WARN_DIRECT_OBJC_ISA_USAGE = YES_ERROR;
				CLANG_WARN_EMPTY_BODY = YES;
				CLANG_WARN_ENUM_CONVERSION = YES;
				CLANG_WARN_INT_CONVERSION = YES;
				CLANG_WARN_OBJC_ROOT_CLASS = YES_ERROR;
				CLANG_WARN_UNREACHABLE_CODE = YES;
				CLANG_WARN__DUPLICATE_METHOD_MATCH = YES;
				"CODE_SIGN_IDENTITY[sdk=iphoneos*]" = "iPhone Developer";
				COPY_PHASE_STRIP = NO;
				CURRENT_PROJECT_VERSION = 1;
				DEBUG_INFORMATION_FORMAT = "dwarf-with-dsym";
				ENABLE_NS_ASSERTIONS = NO;
				ENABLE_STRICT_OBJC_MSGSEND = YES;
				GCC_C_LANGUAGE_STANDARD = gnu99;
				GCC_NO_COMMON_BLOCKS = YES;
				GCC_WARN_64_TO_32_BIT_CONVERSION = YES;
				GCC_WARN_ABOUT_RETURN_TYPE = YES_ERROR;
				GCC_WARN_UNDECLARED_SELECTOR = YES;
				GCC_WARN_UNINITIALIZED_AUTOS = YES_AGGRESSIVE;
				GCC_WARN_UNUSED_FUNCTION = YES;
				GCC_WARN_UNUSED_VARIABLE = YES;
				IPHONEOS_DEPLOYMENT_TARGET = 7.0;
				MTL_ENABLE_DEBUG_INFO = NO;
				SDKROOT = iphoneos;
				TARGETED_DEVICE_FAMILY = "1,2";
				VALIDATE_PRODUCT = YES;
				VERSIONING_SYSTEM = "apple-generic";
				VERSION_INFO_PREFIX = "";
			};
			name = Release;
		};
		A15E6A131B6F105F00A0BD15 /* Debug */ = {
			isa = XCBuildConfiguration;
			buildSettings = {
				DEFINES_MODULE = YES;
				DYLIB_COMPATIBILITY_VERSION = 1;
				DYLIB_CURRENT_VERSION = 1;
				DYLIB_INSTALL_NAME_BASE = "@rpath";
				INFOPLIST_FILE = UNQKit/Info.plist;
				INSTALL_PATH = "$(LOCAL_LIBRARY_DIR)/Frameworks";
				LD_RUNPATH_SEARCH_PATHS = "$(inherited) @executable_path/Frameworks @loader_path/Frameworks";
				MACH_O_TYPE = staticlib;
				PRODUCT_BUNDLE_IDENTIFIER = "org.littocats.$(PRODUCT_NAME:rfc1034identifier)";
				PRODUCT_NAME = "$(TARGET_NAME)";
				SKIP_INSTALL = YES;
			};
			name = Debug;
		};
		A15E6A141B6F105F00A0BD15 /* Release */ = {
			isa = XCBuildConfiguration;
			buildSettings = {
				DEFINES_MODULE = YES;
				DYLIB_COMPATIBILITY_VERSION = 1;
				DYLIB_CURRENT_VERSION = 1;
				DYLIB_INSTALL_NAME_BASE = "@rpath";
				INFOPLIST_FILE = UNQKit/Info.plist;
				INSTALL_PATH = "$(LOCAL_LIBRARY_DIR)/Frameworks";
				LD_RUNPATH_SEARCH_PATHS = "$(inherited) @executable_path/Frameworks @loader_path/Frameworks";
				MACH_O_TYPE = staticlib;
				PRODUCT_BUNDLE_IDENTIFIER = "org.littocats.$(PRODUCT_NAME:rfc1034identifier)";
				PRODUCT_NAME = "$(TARGET_NAME)";
				SKIP_INSTALL = YES;
			};
			name = Release;
		};
		A15E6A161B6F105F00A0BD15 /* Debug */ = {
			isa = XCBuildConfiguration;
			buildSettings = {
				FRAMEWORK_SEARCH_PATHS = (
					"$(SDKROOT)/Developer/Library/Frameworks",
					"$(inherited)",
				);
				GCC_PREPROCESSOR_DEFINITIONS = (
					"DEBUG=1",
					"$(inherited)",
				);
				INFOPLIST_FILE = UNQKitTests/Info.plist;
				LD_RUNPATH_SEARCH_PATHS = "$(inherited) @executable_path/Frameworks @loader_path/Frameworks";
				PRODUCT_BUNDLE_IDENTIFIER = "org.littocats.$(PRODUCT_NAME:rfc1034identifier)";
				PRODUCT_NAME = "$(TARGET_NAME)";
			};
			name = Debug;
		};
		A15E6A171B6F105F00A0BD15 /* Release */ = {
			isa = XCBuildConfiguration;
			buildSettings = {
				FRAMEWORK_SEARCH_PATHS = (
					"$(SDKROOT)/Developer/Library/Frameworks",
					"$(inherited)",
				);
				INFOPLIST_FILE = UNQKitTests/Info.plist;
				LD_RUNPATH_SEARCH_PATHS = "$(inherited) @executable_path/Frameworks @loader_path/Frameworks";
				PRODUCT_BUNDLE_IDENTIFIER = "org.littocats.$(PRODUCT_NAME:rfc1034identifier)";
				PRODUCT_NAME = "$(TARGET_NAME)";
			};
			name = Release;
		};
/* End XCBuildConfiguration section */

/* Begin XCConfigurationList section */
		A15E69F61B6F105F00A0BD15 /* Build configuration list for PBXProject "UNQKit" */ = {
			isa = XCConfigurationList;
			buildConfigurations = (
				A15E6A101B6F105F00A0BD15 /* Debug */,
				A15E6A111B6F105F00A0BD15 /* Release */,
			);
			defaultConfigurationIsVisible = 0;
			defaultConfigurationName = Release;
		};
		A15E6A121B6F105F00A0BD15 /* Build configuration list for PBXNativeTarget "UNQKit" */ = {
			isa = XCConfigurationList;
			buildConfigurations = (
				A15E6A131B6F105F00A0BD15 /* Debug */,
				A15E6A141B6F105F00A0BD15 /* Release */,
			);
			defaultConfigurationIsVisible = 0;
			defaultConfigurationName = Release;
		};
		A15E6A151B6F105F00A0BD15 /* Build configuration list for PBXNativeTarget "UNQKitTests" */ = {
			isa = XCConfigurationList;
			buildConfigurations = (
				A15E6A161B6F105F00A0BD15 /* Debug */,
				A15E6A171B6F105F00A0BD15 /* Release */,
			);
			defaultConfigurationIsVisible = 0;
			defaultConfigurationName = Release;
		};
/* End XCConfigurationList section */
	};
	rootObject = A15E69F31B6F105F00A0BD15 /* Project object */;
}
